
Microsoft Visual Studio Solution File, Format Version 12.00
# Visual Studio 2013
VisualStudioVersion = 12.0.31101.0
MinimumVisualStudioVersion = 10.0.40219.1
Project("{FAE04EC0-301F-11D3-BF4B-00C04F79EFBC}") = "Pixelator.Web", "Pixelator.Web\Pixelator.Web.csproj", "{819B419E-DB35-432C-8E57-A669535D62E5}"
EndProject
Project("{FAE04EC0-301F-11D3-BF4B-00C04F79EFBC}") = "Pixelator.Web.Tests", "Pixelator.Web.Tests\Pixelator.Web.Tests.csproj", "{BF54236D-5B73-400B-9355-DAB92ABC37F8}"
EndProject
Project("{2150E333-8FDC-42A3-9474-1A3956D46DE8}") = "Solution Items", "Solution Items", "{0B757BBC-C93E-4137-84B4-DCE16909CBA3}"
	ProjectSection(SolutionItems) = preProject
		.gitattributes = .gitattributes
		.gitignore = .gitignore
	EndProjectSection
EndProject
Global
	GlobalSection(SolutionConfigurationPlatforms) = preSolution
		Debug|Any CPU = Debug|Any CPU
		Release|Any CPU = Release|Any CPU
	EndGlobalSection
	GlobalSection(ProjectConfigurationPlatforms) = postSolution
		{819B419E-DB35-432C-8E57-A669535D62E5}.Debug|Any CPU.ActiveCfg = Debug|Any CPU
		{819B419E-DB35-432C-8E57-A669535D62E5}.Debug|Any CPU.Build.0 = Debug|Any CPU
		{819B419E-DB35-432C-8E57-A669535D62E5}.Release|Any CPU.ActiveCfg = Release|Any CPU
		{819B419E-DB35-432C-8E57-A669535D62E5}.Release|Any CPU.Build.0 = Release|Any CPU
		{BF54236D-5B73-400B-9355-DAB92ABC37F8}.Debug|Any CPU.ActiveCfg = Debug|Any CPU
		{BF54236D-5B73-400B-9355-DAB92ABC37F8}.Debug|Any CPU.Build.0 = Debug|Any CPU
		{BF54236D-5B73-400B-9355-DAB92ABC37F8}.Release|Any CPU.ActiveCfg = Release|Any CPU
		{BF54236D-5B73-400B-9355-DAB92ABC37F8}.Release|Any CPU.Build.0 = Release|Any CPU
	EndGlobalSection
	GlobalSection(SolutionProperties) = preSolution
		HideSolutionNode = FALSE
	EndGlobalSection
EndGlobal
